{
  "name": "@indra.ai/feectingdeva",
  "version": "0.1.16",
  "lockfileVersion": 3,
  "requires": true,
  "packages": {
    "": {
      "name": "@indra.ai/feectingdeva",
      "version": "0.1.16",
      "license": "MIT",
      "dependencies": {
        "@indra.ai/deva": "^1.1.35"
      }
    },
    "node_modules/@indra.ai/deva": {
      "version": "1.1.35",
      "resolved": "https://registry.npmjs.org/@indra.ai/deva/-/deva-1.1.35.tgz",
      "integrity": "sha512-J3bR5B1BQcyTZWhWi/eVVO6miLudIIW/AxopbcPfUaFnuUxiMwURsM6vZcnIdCmMCh9THwT+SGYHTgcr4JVk8w==",
      "engines": {
        "node": ">=10.0.0",
        "npm": ">=6.0.0"
      }
    }
  }
}
