{
  "name": "@indra.ai/feectingdeva",
  "version": "0.1.32",
  "lockfileVersion": 3,
  "requires": true,
  "packages": {
    "": {
      "name": "@indra.ai/feectingdeva",
      "version": "0.1.32",
      "license": "MIT",
      "dependencies": {
        "@indra.ai/deva": "^1.1.87"
      }
    },
    "node_modules/@indra.ai/deva": {
      "version": "1.1.87",
      "resolved": "https://registry.npmjs.org/@indra.ai/deva/-/deva-1.1.87.tgz",
      "integrity": "sha512-j0CbSc+u2YnNuufcsudmLcWMxMGJC+W5MMgmvjWXXWgReWslmiOyldcFCvzzq3gl4ZSVxxxw05RvEwMVEGIMlw==",
      "engines": {
        "node": ">=10.0.0",
        "npm": ">=6.0.0"
      }
    }
  }
}
