{
  "name": "@indra.ai/feectingdeva",
  "version": "0.1.7",
  "lockfileVersion": 3,
  "requires": true,
  "packages": {
    "": {
      "name": "@indra.ai/feectingdeva",
      "version": "0.1.7",
      "license": "MIT",
      "dependencies": {
        "@indra.ai/deva": "^1.1.31"
      }
    },
    "node_modules/@indra.ai/deva": {
      "version": "1.1.31",
      "resolved": "https://registry.npmjs.org/@indra.ai/deva/-/deva-1.1.31.tgz",
      "integrity": "sha512-C2WEgg/0yYB+be+luMIqdpns7yJVj26ki1P/xb9ZK+fPYtKv7liXvZV8nEwsYohuUeeFJqqbdYlwSrqsdqkK6A==",
      "engines": {
        "node": ">=10.0.0",
        "npm": ">=6.0.0"
      }
    }
  }
}
